# THIS IS AN AUTOGENERATED FILE. DO NOT EDIT THIS FILE DIRECTLY.
# yarn lockfile v1


babel-runtime@^6.9.2:
  version "6.26.0"
  resolved "https://registry.yarnpkg.com/babel-runtime/-/babel-runtime-6.26.0.tgz#965c7058668e82b55d7bfe04ff2337bc8b5647fe"
  dependencies:
    core-js "^2.4.0"
    regenerator-runtime "^0.11.0"

codem-isoboxer@^0.3.3:
  version "0.3.4"
  resolved "https://registry.yarnpkg.com/codem-isoboxer/-/codem-isoboxer-0.3.4.tgz#6ce6e820782d42194493efa94b73d7b276a0c55a"

core-js@^2.4.0:
  version "2.5.1"
  resolved "https://registry.yarnpkg.com/core-js/-/core-js-2.5.1.tgz#ae6874dc66937789b80754ff5428df66819ca50b"

dashjs@^2.2.0, dashjs@^2.6.0:
  version "2.6.0"
  resolved "https://registry.yarnpkg.com/dashjs/-/dashjs-2.6.0.tgz#8ec9e9d221580c3e5ed40b11492e35fffcfc172e"
  dependencies:
    codem-isoboxer "^0.3.3"
    deep-equal "^1.0.1"
    imsc "^1.0.0-beta.3"
    round10 "^1.0.3"

deep-equal@^1.0.1:
  version "1.0.1"
  resolved "https://registry.yarnpkg.com/deep-equal/-/deep-equal-1.0.1.tgz#f5d260292b660e084eff4cdbc9f08ad3247448b5"

dom-walk@^0.1.0:
  version "0.1.1"
  resolved "https://registry.yarnpkg.com/dom-walk/-/dom-walk-0.1.1.tgz#672226dc74c8f799ad35307df936aba11acd6018"

es5-shim@^4.5.1:
  version "4.5.9"
  resolved "https://registry.yarnpkg.com/es5-shim/-/es5-shim-4.5.9.tgz#2a1e2b9e583ff5fed0c20a3ee2cbf3f75230a5c0"

for-each@^0.3.2:
  version "0.3.2"
  resolved "https://registry.yarnpkg.com/for-each/-/for-each-0.3.2.tgz#2c40450b9348e97f281322593ba96704b9abd4d4"
  dependencies:
    is-function "~1.0.0"

global@4.3.0:
  version "4.3.0"
  resolved "https://registry.yarnpkg.com/global/-/global-4.3.0.tgz#ef7ec4beead579b454f5ebd5e7f303db54f42a2b"
  dependencies:
    min-document "^2.6.1"
    process "~0.5.1"

global@4.3.2, global@^4.3.0, global@^4.3.1, global@~4.3.0:
  version "4.3.2"
  resolved "https://registry.yarnpkg.com/global/-/global-4.3.2.tgz#e76989268a6c74c38908b1305b10fc0e394e9d0f"
  dependencies:
    min-document "^2.19.0"
    process "~0.5.1"

imsc@^1.0.0-beta.3:
  version "1.0.0"
  resolved "https://registry.yarnpkg.com/imsc/-/imsc-1.0.0.tgz#fc1a1ea57f49f64589cc3c250b2a031430f4033a"
  dependencies:
    sax "1.2.1"

individual@^2.0.0:
  version "2.0.0"
  resolved "https://registry.yarnpkg.com/individual/-/individual-2.0.0.tgz#833b097dad23294e76117a98fb38e0d9ad61bb97"

is-function@^1.0.1, is-function@~1.0.0:
  version "1.0.1"
  resolved "https://registry.yarnpkg.com/is-function/-/is-function-1.0.1.tgz#12cfb98b65b57dd3d193a3121f5f6e2f437602b5"

min-document@^2.19.0, min-document@^2.6.1:
  version "2.19.0"
  resolved "https://registry.yarnpkg.com/min-document/-/min-document-2.19.0.tgz#7bd282e3f5842ed295bb748cdd9f1ffa2c824685"
  dependencies:
    dom-walk "^0.1.0"

parse-headers@^2.0.0:
  version "2.0.1"
  resolved "https://registry.yarnpkg.com/parse-headers/-/parse-headers-2.0.1.tgz#6ae83a7aa25a9d9b700acc28698cd1f1ed7e9536"
  dependencies:
    for-each "^0.3.2"
    trim "0.0.1"

process@~0.5.1:
  version "0.5.2"
  resolved "https://registry.yarnpkg.com/process/-/process-0.5.2.tgz#1638d8a8e34c2f440a91db95ab9aeb677fc185cf"

regenerator-runtime@^0.11.0:
  version "0.11.0"
  resolved "https://registry.yarnpkg.com/regenerator-runtime/-/regenerator-runtime-0.11.0.tgz#7e54fe5b5ccd5d6624ea6255c3473be090b802e1"

round10@^1.0.3:
  version "1.0.3"
  resolved "https://registry.yarnpkg.com/round10/-/round10-1.0.3.tgz#86110f46a10874a1931da7fdd5e06d1857a8e4d0"

rust-result@^1.0.0:
  version "1.0.0"
  resolved "https://registry.yarnpkg.com/rust-result/-/rust-result-1.0.0.tgz#34c75b2e6dc39fe5875e5bdec85b5e0f91536f72"
  dependencies:
    individual "^2.0.0"

safe-json-parse@4.0.0:
  version "4.0.0"
  resolved "https://registry.yarnpkg.com/safe-json-parse/-/safe-json-parse-4.0.0.tgz#7c0f578cfccd12d33a71c0e05413e2eca171eaac"
  dependencies:
    rust-result "^1.0.0"

sax@1.2.1:
  version "1.2.1"
  resolved "https://registry.yarnpkg.com/sax/-/sax-1.2.1.tgz#7b8e656190b228e81a66aea748480d828cd2d37a"

trim@0.0.1:
  version "0.0.1"
  resolved "https://registry.yarnpkg.com/trim/-/trim-0.0.1.tgz#5858547f6b290757ee95cccc666fb50084c460dd"

tsml@1.0.1:
  version "1.0.1"
  resolved "https://registry.yarnpkg.com/tsml/-/tsml-1.0.1.tgz#89f8218b9d9e257f47d7f6b56d01c5a4d2c68fc3"

video.js@^5.13.1, video.js@^5.18.0:
  version "5.20.3"
  resolved "https://registry.yarnpkg.com/video.js/-/video.js-5.20.3.tgz#488c97786a536cd66b44498b22e8f83b1b6c1381"
  dependencies:
    babel-runtime "^6.9.2"
    global "4.3.0"
    safe-json-parse "4.0.0"
    tsml "1.0.1"
    videojs-font "2.0.0"
    videojs-ie8 "1.1.2"
    videojs-swf "5.4.1"
    videojs-vtt.js "0.12.4"
    xhr "2.2.2"

video.js@^6.2.7:
  version "6.2.7"
  resolved "https://registry.yarnpkg.com/video.js/-/video.js-6.2.7.tgz#3baa4bdffd58b4c4ab723dbcde5b10349f59957d"
  dependencies:
    babel-runtime "^6.9.2"
    global "4.3.2"
    safe-json-parse "4.0.0"
    tsml "1.0.1"
    videojs-font "2.0.0"
    videojs-ie8 "1.1.2"
    videojs-vtt.js "0.12.4"
    xhr "2.4.0"

videojs-contrib-dash@^2.9.1:
  version "2.9.1"
  resolved "https://registry.yarnpkg.com/videojs-contrib-dash/-/videojs-contrib-dash-2.9.1.tgz#5bf9164c7c938a67fc104eead985189c3e2a8ad5"
  dependencies:
    dashjs "^2.2.0"
    global "^4.3.0"
    video.js "^5.18.0"

videojs-contrib-eme@^2.0.1:
  version "2.0.1"
  resolved "https://registry.yarnpkg.com/videojs-contrib-eme/-/videojs-contrib-eme-2.0.1.tgz#24d07c8c5313ffdfbb6bc9e7e7619a763119c508"
  dependencies:
    video.js "^5.13.1"

videojs-font@2.0.0:
  version "2.0.0"
  resolved "https://registry.yarnpkg.com/videojs-font/-/videojs-font-2.0.0.tgz#af7461ef9d4b95e0334bffb78b2f2ff0364a9034"

videojs-ie8@1.1.2:
  version "1.1.2"
  resolved "https://registry.yarnpkg.com/videojs-ie8/-/videojs-ie8-1.1.2.tgz#a23d3d8608ad7192b69c6077fc4eb848998d35d9"
  dependencies:
    es5-shim "^4.5.1"

videojs-swf@5.4.1:
  version "5.4.1"
  resolved "https://registry.yarnpkg.com/videojs-swf/-/videojs-swf-5.4.1.tgz#2077ef71c749f2c7823ef49babae4dd2acb08f87"

videojs-vtt.js@0.12.4:
  version "0.12.4"
  resolved "https://registry.yarnpkg.com/videojs-vtt.js/-/videojs-vtt.js-0.12.4.tgz#38f2499e31efb3fa93590ddad4cb663275a4b161"
  dependencies:
    global "^4.3.1"

xhr@2.2.2:
  version "2.2.2"
  resolved "https://registry.yarnpkg.com/xhr/-/xhr-2.2.2.tgz#2ee72571869f8686d41559a9ea286c18971435ff"
  dependencies:
    global "~4.3.0"
    is-function "^1.0.1"
    parse-headers "^2.0.0"
    xtend "^4.0.0"

xhr@2.4.0:
  version "2.4.0"
  resolved "https://registry.yarnpkg.com/xhr/-/xhr-2.4.0.tgz#e16e66a45f869861eeefab416d5eff722dc40993"
  dependencies:
    global "~4.3.0"
    is-function "^1.0.1"
    parse-headers "^2.0.0"
    xtend "^4.0.0"

xtend@^4.0.0:
  version "4.0.1"
  resolved "https://registry.yarnpkg.com/xtend/-/xtend-4.0.1.tgz#a5c6d532be656e23db820efb943a1f04998d63af"
